
Microsoft Visual Studio Solution File, Format Version 12.00
# Visual Studio Version 16
VisualStudioVersion = 16.0.29926.136
MinimumVisualStudioVersion = 10.0.40219.1
Project("{9A19103F-16F7-4668-BE54-9A1E7A4F7556}") = "LootLoOnlineBlazor", "LootLoOnlineBlazor\LootLoOnlineBlazor.csproj", "{A0872C21-C8BD-4B97-B406-08318DA8BF54}"
EndProject
Project("{9A19103F-16F7-4668-BE54-9A1E7A4F7556}") = "LootLoOnline.Business", "LootLoOnline.Business\LootLoOnline.Business.csproj", "{8852F1CA-A34A-4F46-AB49-7A76644F5B90}"
EndProject
Project("{9A19103F-16F7-4668-BE54-9A1E7A4F7556}") = "LootLoOnline.NUnitTest", "LootLoOnline.NUnitTest\LootLoOnline.NUnitTest.csproj", "{B9D17355-601D-4497-9CD6-9A0A5812537B}"
EndProject
Project("{FAE04EC0-301F-11D3-BF4B-00C04F79EFBC}") = "LootLoOnline.BatchJob", "LootLoOnline.BatchJob\LootLoOnline.BatchJob.csproj", "{E144D74D-BAE8-4B1A-ACBB-2886ACBDCBD2}"
EndProject
Global
	GlobalSection(SolutionConfigurationPlatforms) = preSolution
		Debug|Any CPU = Debug|Any CPU
		Release|Any CPU = Release|Any CPU
	EndGlobalSection
	GlobalSection(ProjectConfigurationPlatforms) = postSolution
		{A0872C21-C8BD-4B97-B406-08318DA8BF54}.Debug|Any CPU.ActiveCfg = Debug|Any CPU
		{A0872C21-C8BD-4B97-B406-08318DA8BF54}.Debug|Any CPU.Build.0 = Debug|Any CPU
		{A0872C21-C8BD-4B97-B406-08318DA8BF54}.Release|Any CPU.ActiveCfg = Release|Any CPU
		{A0872C21-C8BD-4B97-B406-08318DA8BF54}.Release|Any CPU.Build.0 = Release|Any CPU
		{8852F1CA-A34A-4F46-AB49-7A76644F5B90}.Debug|Any CPU.ActiveCfg = Debug|Any CPU
		{8852F1CA-A34A-4F46-AB49-7A76644F5B90}.Debug|Any CPU.Build.0 = Debug|Any CPU
		{8852F1CA-A34A-4F46-AB49-7A76644F5B90}.Release|Any CPU.ActiveCfg = Release|Any CPU
		{8852F1CA-A34A-4F46-AB49-7A76644F5B90}.Release|Any CPU.Build.0 = Release|Any CPU
		{B9D17355-601D-4497-9CD6-9A0A5812537B}.Debug|Any CPU.ActiveCfg = Debug|Any CPU
		{B9D17355-601D-4497-9CD6-9A0A5812537B}.Debug|Any CPU.Build.0 = Debug|Any CPU
		{B9D17355-601D-4497-9CD6-9A0A5812537B}.Release|Any CPU.ActiveCfg = Release|Any CPU
		{B9D17355-601D-4497-9CD6-9A0A5812537B}.Release|Any CPU.Build.0 = Release|Any CPU
		{E144D74D-BAE8-4B1A-ACBB-2886ACBDCBD2}.Debug|Any CPU.ActiveCfg = Debug|Any CPU
		{E144D74D-BAE8-4B1A-ACBB-2886ACBDCBD2}.Debug|Any CPU.Build.0 = Debug|Any CPU
		{E144D74D-BAE8-4B1A-ACBB-2886ACBDCBD2}.Release|Any CPU.ActiveCfg = Release|Any CPU
		{E144D74D-BAE8-4B1A-ACBB-2886ACBDCBD2}.Release|Any CPU.Build.0 = Release|Any CPU
	EndGlobalSection
	GlobalSection(SolutionProperties) = preSolution
		HideSolutionNode = FALSE
	EndGlobalSection
	GlobalSection(ExtensibilityGlobals) = postSolution
		SolutionGuid = {DDA9BEA3-A3E8-4431-AB63-75FAE0F54474}
	EndGlobalSection
EndGlobal
